<?xml version="1.0" encoding="utf-8"?>
<Project ToolsVersion="4.0" xmlns="http://schemas.microsoft.com/developer/msbuild/2003">
  <ItemGroup>
    <Filter Include="ソース ファイル">
      <UniqueIdentifier>{4FC737F1-C7A5-4376-A066-2A32D752A2FF}</UniqueIdentifier>
      <Extensions>cpp;c;cc;cxx;def;odl;idl;hpj;bat;asm;asmx</Extensions>
    </Filter>
    <Filter Include="ヘッダー ファイル">
      <UniqueIdentifier>{93995380-89BD-4b04-88EB-625FBE52EBFB}</UniqueIdentifier>
      <Extensions>h;hh;hpp;hxx;hm;inl;inc;xsd</Extensions>
    </Filter>
    <Filter Include="リソース ファイル">
      <UniqueIdentifier>{67DA6AB6-F800-4c08-8B7A-83BB121AAD01}</UniqueIdentifier>
      <Extensions>rc;ico;cur;bmp;dlg;rc2;rct;bin;rgs;gif;jpg;jpeg;jpe;resx;tiff;tif;png;wav;mfcribbon-ms</Extensions>
    </Filter>
    <Filter Include="ソース ファイル\input">
      <UniqueIdentifier>{dc744acd-8fb5-4510-92e3-80b73d5942f1}</UniqueIdentifier>
    </Filter>
    <Filter Include="ソース ファイル\Polygon">
      <UniqueIdentifier>{c030d7a0-b777-4c56-be0d-ab8834cc1586}</UniqueIdentifier>
    </Filter>
    <Filter Include="ソース ファイル\Polygon\Bullet">
      <UniqueIdentifier>{e3cc88be-998e-4a1e-a7ac-5ed739543d06}</UniqueIdentifier>
    </Filter>
    <Filter Include="ヘッダー ファイル\Input">
      <UniqueIdentifier>{a18d2578-d0e9-4eda-9b96-299d3f229574}</UniqueIdentifier>
    </Filter>
    <Filter Include="ヘッダー ファイル\Polygon">
      <UniqueIdentifier>{a29d4f51-1958-4a08-b2e9-6f7b2d7fd52e}</UniqueIdentifier>
    </Filter>
    <Filter Include="ヘッダー ファイル\Polygon\Bullet">
      <UniqueIdentifier>{7a073b3c-d43f-45eb-8786-344053b00ebf}</UniqueIdentifier>
    </Filter>
    <Filter Include="ソース ファイル\Polygon\Scene">
      <UniqueIdentifier>{e21fb85a-c494-4aef-8e80-d4b8b29b172f}</UniqueIdentifier>
    </Filter>
    <Filter Include="ヘッダー ファイル\Polygon\Scene">
      <UniqueIdentifier>{61136fb2-4317-477f-a09b-608a86abae7c}</UniqueIdentifier>
    </Filter>
    <Filter Include="ヘッダー ファイル\bg">
      <UniqueIdentifier>{a84a5ef8-819a-44d5-9fd1-e9f02c47f0be}</UniqueIdentifier>
    </Filter>
    <Filter Include="ソース ファイル\Polygon\bg">
      <UniqueIdentifier>{f056c802-0f18-4ec6-a673-6be9a1189ba6}</UniqueIdentifier>
    </Filter>
  </ItemGroup>
  <ItemGroup>
    <ClCompile Include="input.cpp">
      <Filter>ソース ファイル\input</Filter>
    </ClCompile>
    <ClCompile Include="inputmouse.cpp">
      <Filter>ソース ファイル\input</Filter>
    </ClCompile>
    <ClCompile Include="inihkeyboard.cpp">
      <Filter>ソース ファイル\input</Filter>
    </ClCompile>
    <ClCompile Include="bullet.cpp">
      <Filter>ソース ファイル\Polygon\Bullet</Filter>
    </ClCompile>
    <ClCompile Include="explosion.cpp">
      <Filter>ソース ファイル\Polygon\Bullet</Filter>
    </ClCompile>
    <ClCompile Include="scene.cpp">
      <Filter>ソース ファイル\Polygon\Scene</Filter>
    </ClCompile>
    <ClCompile Include="scene2d.cpp">
      <Filter>ソース ファイル\Polygon\Scene</Filter>
    </ClCompile>
    <ClCompile Include="effect.cpp">
      <Filter>ソース ファイル\Polygon\Bullet</Filter>
    </ClCompile>
    <ClCompile Include="Background.cpp">
      <Filter>ソース ファイル\Polygon\bg</Filter>
    </ClCompile>
    <ClCompile Include="selectbg.cpp">
      <Filter>ソース ファイル\Polygon\bg</Filter>
    </ClCompile>
    <ClCompile Include="bg_game.cpp">
      <Filter>ソース ファイル\Polygon\bg</Filter>
    </ClCompile>
    <ClCompile Include="homing.cpp">
      <Filter>ソース ファイル\Polygon\Bullet</Filter>
    </ClCompile>
    <ClCompile Include="laser.cpp">
      <Filter>ソース ファイル\Polygon\Bullet</Filter>
    </ClCompile>
    <ClCompile Include="boss.cpp">
      <Filter>ソース ファイル\Polygon\Scene</Filter>
    </ClCompile>
    <ClCompile Include="boss_anime.cpp">
      <Filter>ソース ファイル\Polygon\Scene</Filter>
    </ClCompile>
    <ClCompile Include="button.cpp">
      <Filter>ソース ファイル\Polygon\Scene</Filter>
    </ClCompile>
    <ClCompile Include="clear.cpp">
      <Filter>ソース ファイル\Polygon\Scene</Filter>
    </ClCompile>
    <ClCompile Include="fade.cpp">
      <Filter>ソース ファイル\Polygon\Scene</Filter>
    </ClCompile>
    <ClCompile Include="game.cpp">
      <Filter>ソース ファイル\Polygon\Scene</Filter>
    </ClCompile>
    <ClCompile Include="main.cpp">
      <Filter>ソース ファイル\Polygon\Scene</Filter>
    </ClCompile>
    <ClCompile Include="manager.cpp">
      <Filter>ソース ファイル\Polygon\Scene</Filter>
    </ClCompile>
    <ClCompile Include="mouse pointer.cpp">
      <Filter>ソース ファイル\Polygon\Scene</Filter>
    </ClCompile>
    <ClCompile Include="number.cpp">
      <Filter>ソース ファイル\Polygon\Scene</Filter>
    </ClCompile>
    <ClCompile Include="result.cpp">
      <Filter>ソース ファイル\Polygon\Scene</Filter>
    </ClCompile>
    <ClCompile Include="resultBg.cpp">
      <Filter>ソース ファイル\Polygon\Scene</Filter>
    </ClCompile>
    <ClCompile Include="select.cpp">
      <Filter>ソース ファイル\Polygon\Scene</Filter>
    </ClCompile>
    <ClCompile Include="sound.cpp">
      <Filter>ソース ファイル\Polygon\Scene</Filter>
    </ClCompile>
    <ClCompile Include="telop_bar.cpp">
      <Filter>ソース ファイル\Polygon\Scene</Filter>
    </ClCompile>
    <ClCompile Include="telop_text.cpp">
      <Filter>ソース ファイル\Polygon\Scene</Filter>
    </ClCompile>
    <ClCompile Include="text.cpp">
      <Filter>ソース ファイル\Polygon\Scene</Filter>
    </ClCompile>
    <ClCompile Include="tutorial.cpp">
      <Filter>ソース ファイル\Polygon\Scene</Filter>
    </ClCompile>
    <ClCompile Include="warning.cpp">
      <Filter>ソース ファイル\Polygon\Scene</Filter>
    </ClCompile>
    <ClCompile Include="weapon_UI.cpp">
      <Filter>ソース ファイル\Polygon\Scene</Filter>
    </ClCompile>
    <ClCompile Include="window.cpp">
      <Filter>ソース ファイル\Polygon\Scene</Filter>
    </ClCompile>
    <ClCompile Include="enemy.cpp">
      <Filter>ソース ファイル\Polygon\Scene</Filter>
    </ClCompile>
    <ClCompile Include="life.cpp">
      <Filter>ソース ファイル\Polygon\Scene</Filter>
    </ClCompile>
    <ClCompile Include="player.cpp">
      <Filter>ソース ファイル\Polygon\Scene</Filter>
    </ClCompile>
    <ClCompile Include="renderer.cpp">
      <Filter>ソース ファイル\Polygon\Scene</Filter>
    </ClCompile>
    <ClCompile Include="score.cpp">
      <Filter>ソース ファイル\Polygon\Scene</Filter>
    </ClCompile>
    <ClCompile Include="title.cpp">
      <Filter>ソース ファイル\Polygon\Scene</Filter>
    </ClCompile>
    <ClCompile Include="ui.cpp">
      <Filter>ソース ファイル\Polygon\Scene</Filter>
    </ClCompile>
  </ItemGroup>
  <ItemGroup>
    <ClInclude Include="inihkeyboard.h">
      <Filter>ヘッダー ファイル\Input</Filter>
    </ClInclude>
    <ClInclude Include="input.h">
      <Filter>ヘッダー ファイル\Input</Filter>
    </ClInclude>
    <ClInclude Include="inputmouse.h">
      <Filter>ヘッダー ファイル\Input</Filter>
    </ClInclude>
    <ClInclude Include="bullet.h">
      <Filter>ヘッダー ファイル\Polygon\Bullet</Filter>
    </ClInclude>
    <ClInclude Include="explosion.h">
      <Filter>ヘッダー ファイル\Polygon\Bullet</Filter>
    </ClInclude>
    <ClInclude Include="scene.h">
      <Filter>ヘッダー ファイル\Polygon\Scene</Filter>
    </ClInclude>
    <ClInclude Include="scene2d.h">
      <Filter>ヘッダー ファイル\Polygon\Scene</Filter>
    </ClInclude>
    <ClInclude Include="effect.h">
      <Filter>ヘッダー ファイル\Polygon\Bullet</Filter>
    </ClInclude>
    <ClInclude Include="Background.h">
      <Filter>ヘッダー ファイル\bg</Filter>
    </ClInclude>
    <ClInclude Include="selectbg.h">
      <Filter>ヘッダー ファイル\bg</Filter>
    </ClInclude>
    <ClInclude Include="bg_game.h">
      <Filter>ヘッダー ファイル\bg</Filter>
    </ClInclude>
    <ClInclude Include="homing.h">
      <Filter>ヘッダー ファイル\Polygon\Bullet</Filter>
    </ClInclude>
    <ClInclude Include="laser.h">
      <Filter>ヘッダー ファイル\Polygon\Bullet</Filter>
    </ClInclude>
    <ClInclude Include="boss.h">
      <Filter>ヘッダー ファイル\Polygon\Scene</Filter>
    </ClInclude>
    <ClInclude Include="boss_anime.h">
      <Filter>ヘッダー ファイル\Polygon\Scene</Filter>
    </ClInclude>
    <ClInclude Include="button.h">
      <Filter>ヘッダー ファイル\Polygon\Scene</Filter>
    </ClInclude>
    <ClInclude Include="clear.h">
      <Filter>ヘッダー ファイル\Polygon\Scene</Filter>
    </ClInclude>
    <ClInclude Include="fade.h">
      <Filter>ヘッダー ファイル\Polygon\Scene</Filter>
    </ClInclude>
    <ClInclude Include="game.h">
      <Filter>ヘッダー ファイル\Polygon\Scene</Filter>
    </ClInclude>
    <ClInclude Include="main.h">
      <Filter>ヘッダー ファイル\Polygon\Scene</Filter>
    </ClInclude>
    <ClInclude Include="manager.h">
      <Filter>ヘッダー ファイル\Polygon\Scene</Filter>
    </ClInclude>
    <ClInclude Include="mouse pointer.h">
      <Filter>ヘッダー ファイル\Polygon\Scene</Filter>
    </ClInclude>
    <ClInclude Include="number.h">
      <Filter>ヘッダー ファイル\Polygon\Scene</Filter>
    </ClInclude>
    <ClInclude Include="result.h">
      <Filter>ヘッダー ファイル\Polygon\Scene</Filter>
    </ClInclude>
    <ClInclude Include="resultBg.h">
      <Filter>ヘッダー ファイル\Polygon\Scene</Filter>
    </ClInclude>
    <ClInclude Include="select.h">
      <Filter>ヘッダー ファイル\Polygon\Scene</Filter>
    </ClInclude>
    <ClInclude Include="sound.h">
      <Filter>ヘッダー ファイル\Polygon\Scene</Filter>
    </ClInclude>
    <ClInclude Include="telop_bar.h">
      <Filter>ヘッダー ファイル\Polygon\Scene</Filter>
    </ClInclude>
    <ClInclude Include="telop_text.h">
      <Filter>ヘッダー ファイル\Polygon\Scene</Filter>
    </ClInclude>
    <ClInclude Include="text.h">
      <Filter>ヘッダー ファイル\Polygon\Scene</Filter>
    </ClInclude>
    <ClInclude Include="tutorial.h">
      <Filter>ヘッダー ファイル\Polygon\Scene</Filter>
    </ClInclude>
    <ClInclude Include="warning.h">
      <Filter>ヘッダー ファイル\Polygon\Scene</Filter>
    </ClInclude>
    <ClInclude Include="weapon_UI.h">
      <Filter>ヘッダー ファイル\Polygon\Scene</Filter>
    </ClInclude>
    <ClInclude Include="window.h">
      <Filter>ヘッダー ファイル\Polygon\Scene</Filter>
    </ClInclude>
    <ClInclude Include="enemy.h">
      <Filter>ヘッダー ファイル\Polygon\Scene</Filter>
    </ClInclude>
    <ClInclude Include="life.h">
      <Filter>ヘッダー ファイル\Polygon\Scene</Filter>
    </ClInclude>
    <ClInclude Include="player.h">
      <Filter>ヘッダー ファイル\Polygon\Scene</Filter>
    </ClInclude>
    <ClInclude Include="renderer.h">
      <Filter>ヘッダー ファイル\Polygon\Scene</Filter>
    </ClInclude>
    <ClInclude Include="score.h">
      <Filter>ヘッダー ファイル\Polygon\Scene</Filter>
    </ClInclude>
    <ClInclude Include="title.h">
      <Filter>ヘッダー ファイル\Polygon\Scene</Filter>
    </ClInclude>
    <ClInclude Include="ui.h">
      <Filter>ヘッダー ファイル\Polygon\Scene</Filter>
    </ClInclude>
  </ItemGroup>
</Project>